
Microsoft Visual Studio Solution File, Format Version 12.00
# Visual Studio Version 16
VisualStudioVersion = 16.6.30114.105
MinimumVisualStudioVersion = 10.0.40219.1
Project("{FAE04EC0-301F-11D3-BF4B-00C04F79EFBC}") = "Penguin.Cms.Configuration.Local", "Penguin.Cms.Configuration.Local.csproj", "{44D14DD6-D8CD-4DC8-A251-0E342597D86C}"
EndProject
Project("{FAE04EC0-301F-11D3-BF4B-00C04F79EFBC}") = "Penguin.DependencyInjection.Abstractions.Local", "..\Penguin.DependencyInjection.Abstractions\Penguin.DependencyInjection.Abstractions.Local.csproj", "{EA6EC986-EB59-40D5-B965-EB2A451DB00E}"
EndProject
Project("{FAE04EC0-301F-11D3-BF4B-00C04F79EFBC}") = "Penguin.Messaging.Persistence.Local", "..\Penguin.Messaging.Persistence\Penguin.Messaging.Persistence.Local.csproj", "{DEC8847F-4207-4F5F-9591-C86C7FC33AD8}"
EndProject
Project("{FAE04EC0-301F-11D3-BF4B-00C04F79EFBC}") = "Penguin.Messaging.Abstractions.Local", "..\Penguin.Messaging.Abstractions\Penguin.Messaging.Abstractions.Local.csproj", "{E8C1F6B6-B5A4-4CFA-B92B-A15C96A397EE}"
EndProject
Project("{FAE04EC0-301F-11D3-BF4B-00C04F79EFBC}") = "Penguin.Configuration.Local", "..\Penguin.Configuration\Penguin.Configuration.Local.csproj", "{9BC4C45E-B726-4928-A5F4-A5E19F9958B6}"
EndProject
Project("{FAE04EC0-301F-11D3-BF4B-00C04F79EFBC}") = "Penguin.Configuration.Abstractions.Local", "..\Penguin.Configuration.Abstractions\Penguin.Configuration.Abstractions.Local.csproj", "{7F535059-12BA-4796-BB62-6A72806C2A80}"
EndProject
Project("{FAE04EC0-301F-11D3-BF4B-00C04F79EFBC}") = "Penguin.Extensions.String.Local", "..\Penguin.Extensions.String\Penguin.Extensions.String.Local.csproj", "{1989A51F-6BEA-458B-B403-CE95E1A883E1}"
EndProject
Project("{FAE04EC0-301F-11D3-BF4B-00C04F79EFBC}") = "Penguin.Cms.Entities.Local", "..\Penguin.Cms.Entities\Penguin.Cms.Entities.Local.csproj", "{39FD8CCC-CBA3-4829-8C91-D43492120079}"
EndProject
Project("{FAE04EC0-301F-11D3-BF4B-00C04F79EFBC}") = "Penguin.Persistence.Abstractions.Local", "..\Penguin.Persistence.Abstractions\Penguin.Persistence.Abstractions.Local.csproj", "{278C0110-B8F0-477B-8140-36DD1F41C2E8}"
EndProject
Project("{FAE04EC0-301F-11D3-BF4B-00C04F79EFBC}") = "Penguin.Entities.Abstractions.Local", "..\Penguin.Entities.Abstractions\Penguin.Entities.Abstractions.Local.csproj", "{BB4811BA-24B1-4FC7-A614-BC3FB7A23660}"
EndProject
Project("{FAE04EC0-301F-11D3-BF4B-00C04F79EFBC}") = "Penguin.Reflection.Extensions.Local", "..\Penguin.Reflection.Extensions\Penguin.Reflection.Extensions.Local.csproj", "{3767E350-00F9-4CDB-9C23-0E8AA2446FF3}"
EndProject
Project("{FAE04EC0-301F-11D3-BF4B-00C04F79EFBC}") = "Penguin.Reflection.Abstractions.Local", "..\Penguin.Reflection.Abstractions\Penguin.Reflection.Abstractions.Local.csproj", "{8DFDFA6E-6282-49B9-886A-4E9A36C6664A}"
EndProject
Global
	GlobalSection(SolutionConfigurationPlatforms) = preSolution
		Debug|Any CPU = Debug|Any CPU
		Debug|x64 = Debug|x64
		Debug|x86 = Debug|x86
		Release|Any CPU = Release|Any CPU
		Release|x64 = Release|x64
		Release|x86 = Release|x86
	EndGlobalSection
	GlobalSection(SolutionProperties) = preSolution
		HideSolutionNode = FALSE
	EndGlobalSection
	GlobalSection(ProjectConfigurationPlatforms) = postSolution
		{44D14DD6-D8CD-4DC8-A251-0E342597D86C}.Debug|Any CPU.ActiveCfg = Debug|Any CPU
		{44D14DD6-D8CD-4DC8-A251-0E342597D86C}.Debug|Any CPU.Build.0 = Debug|Any CPU
		{44D14DD6-D8CD-4DC8-A251-0E342597D86C}.Debug|x64.ActiveCfg = Debug|Any CPU
		{44D14DD6-D8CD-4DC8-A251-0E342597D86C}.Debug|x64.Build.0 = Debug|Any CPU
		{44D14DD6-D8CD-4DC8-A251-0E342597D86C}.Debug|x86.ActiveCfg = Debug|Any CPU
		{44D14DD6-D8CD-4DC8-A251-0E342597D86C}.Debug|x86.Build.0 = Debug|Any CPU
		{44D14DD6-D8CD-4DC8-A251-0E342597D86C}.Release|Any CPU.ActiveCfg = Release|Any CPU
		{44D14DD6-D8CD-4DC8-A251-0E342597D86C}.Release|Any CPU.Build.0 = Release|Any CPU
		{44D14DD6-D8CD-4DC8-A251-0E342597D86C}.Release|x64.ActiveCfg = Release|Any CPU
		{44D14DD6-D8CD-4DC8-A251-0E342597D86C}.Release|x64.Build.0 = Release|Any CPU
		{44D14DD6-D8CD-4DC8-A251-0E342597D86C}.Release|x86.ActiveCfg = Release|Any CPU
		{44D14DD6-D8CD-4DC8-A251-0E342597D86C}.Release|x86.Build.0 = Release|Any CPU
		{EA6EC986-EB59-40D5-B965-EB2A451DB00E}.Debug|Any CPU.ActiveCfg = Debug|Any CPU
		{EA6EC986-EB59-40D5-B965-EB2A451DB00E}.Debug|Any CPU.Build.0 = Debug|Any CPU
		{EA6EC986-EB59-40D5-B965-EB2A451DB00E}.Debug|x64.ActiveCfg = Debug|Any CPU
		{EA6EC986-EB59-40D5-B965-EB2A451DB00E}.Debug|x64.Build.0 = Debug|Any CPU
		{EA6EC986-EB59-40D5-B965-EB2A451DB00E}.Debug|x86.ActiveCfg = Debug|Any CPU
		{EA6EC986-EB59-40D5-B965-EB2A451DB00E}.Debug|x86.Build.0 = Debug|Any CPU
		{EA6EC986-EB59-40D5-B965-EB2A451DB00E}.Release|Any CPU.ActiveCfg = Release|Any CPU
		{EA6EC986-EB59-40D5-B965-EB2A451DB00E}.Release|Any CPU.Build.0 = Release|Any CPU
		{EA6EC986-EB59-40D5-B965-EB2A451DB00E}.Release|x64.ActiveCfg = Release|Any CPU
		{EA6EC986-EB59-40D5-B965-EB2A451DB00E}.Release|x64.Build.0 = Release|Any CPU
		{EA6EC986-EB59-40D5-B965-EB2A451DB00E}.Release|x86.ActiveCfg = Release|Any CPU
		{EA6EC986-EB59-40D5-B965-EB2A451DB00E}.Release|x86.Build.0 = Release|Any CPU
		{DEC8847F-4207-4F5F-9591-C86C7FC33AD8}.Debug|Any CPU.ActiveCfg = Debug|Any CPU
		{DEC8847F-4207-4F5F-9591-C86C7FC33AD8}.Debug|Any CPU.Build.0 = Debug|Any CPU
		{DEC8847F-4207-4F5F-9591-C86C7FC33AD8}.Debug|x64.ActiveCfg = Debug|Any CPU
		{DEC8847F-4207-4F5F-9591-C86C7FC33AD8}.Debug|x64.Build.0 = Debug|Any CPU
		{DEC8847F-4207-4F5F-9591-C86C7FC33AD8}.Debug|x86.ActiveCfg = Debug|Any CPU
		{DEC8847F-4207-4F5F-9591-C86C7FC33AD8}.Debug|x86.Build.0 = Debug|Any CPU
		{DEC8847F-4207-4F5F-9591-C86C7FC33AD8}.Release|Any CPU.ActiveCfg = Release|Any CPU
		{DEC8847F-4207-4F5F-9591-C86C7FC33AD8}.Release|Any CPU.Build.0 = Release|Any CPU
		{DEC8847F-4207-4F5F-9591-C86C7FC33AD8}.Release|x64.ActiveCfg = Release|Any CPU
		{DEC8847F-4207-4F5F-9591-C86C7FC33AD8}.Release|x64.Build.0 = Release|Any CPU
		{DEC8847F-4207-4F5F-9591-C86C7FC33AD8}.Release|x86.ActiveCfg = Release|Any CPU
		{DEC8847F-4207-4F5F-9591-C86C7FC33AD8}.Release|x86.Build.0 = Release|Any CPU
		{E8C1F6B6-B5A4-4CFA-B92B-A15C96A397EE}.Debug|Any CPU.ActiveCfg = Debug|Any CPU
		{E8C1F6B6-B5A4-4CFA-B92B-A15C96A397EE}.Debug|Any CPU.Build.0 = Debug|Any CPU
		{E8C1F6B6-B5A4-4CFA-B92B-A15C96A397EE}.Debug|x64.ActiveCfg = Debug|Any CPU
		{E8C1F6B6-B5A4-4CFA-B92B-A15C96A397EE}.Debug|x64.Build.0 = Debug|Any CPU
		{E8C1F6B6-B5A4-4CFA-B92B-A15C96A397EE}.Debug|x86.ActiveCfg = Debug|Any CPU
		{E8C1F6B6-B5A4-4CFA-B92B-A15C96A397EE}.Debug|x86.Build.0 = Debug|Any CPU
		{E8C1F6B6-B5A4-4CFA-B92B-A15C96A397EE}.Release|Any CPU.ActiveCfg = Release|Any CPU
		{E8C1F6B6-B5A4-4CFA-B92B-A15C96A397EE}.Release|Any CPU.Build.0 = Release|Any CPU
		{E8C1F6B6-B5A4-4CFA-B92B-A15C96A397EE}.Release|x64.ActiveCfg = Release|Any CPU
		{E8C1F6B6-B5A4-4CFA-B92B-A15C96A397EE}.Release|x64.Build.0 = Release|Any CPU
		{E8C1F6B6-B5A4-4CFA-B92B-A15C96A397EE}.Release|x86.ActiveCfg = Release|Any CPU
		{E8C1F6B6-B5A4-4CFA-B92B-A15C96A397EE}.Release|x86.Build.0 = Release|Any CPU
		{9BC4C45E-B726-4928-A5F4-A5E19F9958B6}.Debug|Any CPU.ActiveCfg = Debug|Any CPU
		{9BC4C45E-B726-4928-A5F4-A5E19F9958B6}.Debug|Any CPU.Build.0 = Debug|Any CPU
		{9BC4C45E-B726-4928-A5F4-A5E19F9958B6}.Debug|x64.ActiveCfg = Debug|Any CPU
		{9BC4C45E-B726-4928-A5F4-A5E19F9958B6}.Debug|x64.Build.0 = Debug|Any CPU
		{9BC4C45E-B726-4928-A5F4-A5E19F9958B6}.Debug|x86.ActiveCfg = Debug|Any CPU
		{9BC4C45E-B726-4928-A5F4-A5E19F9958B6}.Debug|x86.Build.0 = Debug|Any CPU
		{9BC4C45E-B726-4928-A5F4-A5E19F9958B6}.Release|Any CPU.ActiveCfg = Release|Any CPU
		{9BC4C45E-B726-4928-A5F4-A5E19F9958B6}.Release|Any CPU.Build.0 = Release|Any CPU
		{9BC4C45E-B726-4928-A5F4-A5E19F9958B6}.Release|x64.ActiveCfg = Release|Any CPU
		{9BC4C45E-B726-4928-A5F4-A5E19F9958B6}.Release|x64.Build.0 = Release|Any CPU
		{9BC4C45E-B726-4928-A5F4-A5E19F9958B6}.Release|x86.ActiveCfg = Release|Any CPU
		{9BC4C45E-B726-4928-A5F4-A5E19F9958B6}.Release|x86.Build.0 = Release|Any CPU
		{7F535059-12BA-4796-BB62-6A72806C2A80}.Debug|Any CPU.ActiveCfg = Debug|Any CPU
		{7F535059-12BA-4796-BB62-6A72806C2A80}.Debug|Any CPU.Build.0 = Debug|Any CPU
		{7F535059-12BA-4796-BB62-6A72806C2A80}.Debug|x64.ActiveCfg = Debug|Any CPU
		{7F535059-12BA-4796-BB62-6A72806C2A80}.Debug|x64.Build.0 = Debug|Any CPU
		{7F535059-12BA-4796-BB62-6A72806C2A80}.Debug|x86.ActiveCfg = Debug|Any CPU
		{7F535059-12BA-4796-BB62-6A72806C2A80}.Debug|x86.Build.0 = Debug|Any CPU
		{7F535059-12BA-4796-BB62-6A72806C2A80}.Release|Any CPU.ActiveCfg = Release|Any CPU
		{7F535059-12BA-4796-BB62-6A72806C2A80}.Release|Any CPU.Build.0 = Release|Any CPU
		{7F535059-12BA-4796-BB62-6A72806C2A80}.Release|x64.ActiveCfg = Release|Any CPU
		{7F535059-12BA-4796-BB62-6A72806C2A80}.Release|x64.Build.0 = Release|Any CPU
		{7F535059-12BA-4796-BB62-6A72806C2A80}.Release|x86.ActiveCfg = Release|Any CPU
		{7F535059-12BA-4796-BB62-6A72806C2A80}.Release|x86.Build.0 = Release|Any CPU
		{1989A51F-6BEA-458B-B403-CE95E1A883E1}.Debug|Any CPU.ActiveCfg = Debug|Any CPU
		{1989A51F-6BEA-458B-B403-CE95E1A883E1}.Debug|Any CPU.Build.0 = Debug|Any CPU
		{1989A51F-6BEA-458B-B403-CE95E1A883E1}.Debug|x64.ActiveCfg = Debug|Any CPU
		{1989A51F-6BEA-458B-B403-CE95E1A883E1}.Debug|x64.Build.0 = Debug|Any CPU
		{1989A51F-6BEA-458B-B403-CE95E1A883E1}.Debug|x86.ActiveCfg = Debug|Any CPU
		{1989A51F-6BEA-458B-B403-CE95E1A883E1}.Debug|x86.Build.0 = Debug|Any CPU
		{1989A51F-6BEA-458B-B403-CE95E1A883E1}.Release|Any CPU.ActiveCfg = Release|Any CPU
		{1989A51F-6BEA-458B-B403-CE95E1A883E1}.Release|Any CPU.Build.0 = Release|Any CPU
		{1989A51F-6BEA-458B-B403-CE95E1A883E1}.Release|x64.ActiveCfg = Release|Any CPU
		{1989A51F-6BEA-458B-B403-CE95E1A883E1}.Release|x64.Build.0 = Release|Any CPU
		{1989A51F-6BEA-458B-B403-CE95E1A883E1}.Release|x86.ActiveCfg = Release|Any CPU
		{1989A51F-6BEA-458B-B403-CE95E1A883E1}.Release|x86.Build.0 = Release|Any CPU
		{39FD8CCC-CBA3-4829-8C91-D43492120079}.Debug|Any CPU.ActiveCfg = Debug|Any CPU
		{39FD8CCC-CBA3-4829-8C91-D43492120079}.Debug|Any CPU.Build.0 = Debug|Any CPU
		{39FD8CCC-CBA3-4829-8C91-D43492120079}.Debug|x64.ActiveCfg = Debug|Any CPU
		{39FD8CCC-CBA3-4829-8C91-D43492120079}.Debug|x64.Build.0 = Debug|Any CPU
		{39FD8CCC-CBA3-4829-8C91-D43492120079}.Debug|x86.ActiveCfg = Debug|Any CPU
		{39FD8CCC-CBA3-4829-8C91-D43492120079}.Debug|x86.Build.0 = Debug|Any CPU
		{39FD8CCC-CBA3-4829-8C91-D43492120079}.Release|Any CPU.ActiveCfg = Release|Any CPU
		{39FD8CCC-CBA3-4829-8C91-D43492120079}.Release|Any CPU.Build.0 = Release|Any CPU
		{39FD8CCC-CBA3-4829-8C91-D43492120079}.Release|x64.ActiveCfg = Release|Any CPU
		{39FD8CCC-CBA3-4829-8C91-D43492120079}.Release|x64.Build.0 = Release|Any CPU
		{39FD8CCC-CBA3-4829-8C91-D43492120079}.Release|x86.ActiveCfg = Release|Any CPU
		{39FD8CCC-CBA3-4829-8C91-D43492120079}.Release|x86.Build.0 = Release|Any CPU
		{278C0110-B8F0-477B-8140-36DD1F41C2E8}.Debug|Any CPU.ActiveCfg = Debug|Any CPU
		{278C0110-B8F0-477B-8140-36DD1F41C2E8}.Debug|Any CPU.Build.0 = Debug|Any CPU
		{278C0110-B8F0-477B-8140-36DD1F41C2E8}.Debug|x64.ActiveCfg = Debug|Any CPU
		{278C0110-B8F0-477B-8140-36DD1F41C2E8}.Debug|x64.Build.0 = Debug|Any CPU
		{278C0110-B8F0-477B-8140-36DD1F41C2E8}.Debug|x86.ActiveCfg = Debug|Any CPU
		{278C0110-B8F0-477B-8140-36DD1F41C2E8}.Debug|x86.Build.0 = Debug|Any CPU
		{278C0110-B8F0-477B-8140-36DD1F41C2E8}.Release|Any CPU.ActiveCfg = Release|Any CPU
		{278C0110-B8F0-477B-8140-36DD1F41C2E8}.Release|Any CPU.Build.0 = Release|Any CPU
		{278C0110-B8F0-477B-8140-36DD1F41C2E8}.Release|x64.ActiveCfg = Release|Any CPU
		{278C0110-B8F0-477B-8140-36DD1F41C2E8}.Release|x64.Build.0 = Release|Any CPU
		{278C0110-B8F0-477B-8140-36DD1F41C2E8}.Release|x86.ActiveCfg = Release|Any CPU
		{278C0110-B8F0-477B-8140-36DD1F41C2E8}.Release|x86.Build.0 = Release|Any CPU
		{BB4811BA-24B1-4FC7-A614-BC3FB7A23660}.Debug|Any CPU.ActiveCfg = Debug|Any CPU
		{BB4811BA-24B1-4FC7-A614-BC3FB7A23660}.Debug|Any CPU.Build.0 = Debug|Any CPU
		{BB4811BA-24B1-4FC7-A614-BC3FB7A23660}.Debug|x64.ActiveCfg = Debug|Any CPU
		{BB4811BA-24B1-4FC7-A614-BC3FB7A23660}.Debug|x64.Build.0 = Debug|Any CPU
		{BB4811BA-24B1-4FC7-A614-BC3FB7A23660}.Debug|x86.ActiveCfg = Debug|Any CPU
		{BB4811BA-24B1-4FC7-A614-BC3FB7A23660}.Debug|x86.Build.0 = Debug|Any CPU
		{BB4811BA-24B1-4FC7-A614-BC3FB7A23660}.Release|Any CPU.ActiveCfg = Release|Any CPU
		{BB4811BA-24B1-4FC7-A614-BC3FB7A23660}.Release|Any CPU.Build.0 = Release|Any CPU
		{BB4811BA-24B1-4FC7-A614-BC3FB7A23660}.Release|x64.ActiveCfg = Release|Any CPU
		{BB4811BA-24B1-4FC7-A614-BC3FB7A23660}.Release|x64.Build.0 = Release|Any CPU
		{BB4811BA-24B1-4FC7-A614-BC3FB7A23660}.Release|x86.ActiveCfg = Release|Any CPU
		{BB4811BA-24B1-4FC7-A614-BC3FB7A23660}.Release|x86.Build.0 = Release|Any CPU
		{3767E350-00F9-4CDB-9C23-0E8AA2446FF3}.Debug|Any CPU.ActiveCfg = Debug|Any CPU
		{3767E350-00F9-4CDB-9C23-0E8AA2446FF3}.Debug|Any CPU.Build.0 = Debug|Any CPU
		{3767E350-00F9-4CDB-9C23-0E8AA2446FF3}.Debug|x64.ActiveCfg = Debug|Any CPU
		{3767E350-00F9-4CDB-9C23-0E8AA2446FF3}.Debug|x64.Build.0 = Debug|Any CPU
		{3767E350-00F9-4CDB-9C23-0E8AA2446FF3}.Debug|x86.ActiveCfg = Debug|Any CPU
		{3767E350-00F9-4CDB-9C23-0E8AA2446FF3}.Debug|x86.Build.0 = Debug|Any CPU
		{3767E350-00F9-4CDB-9C23-0E8AA2446FF3}.Release|Any CPU.ActiveCfg = Release|Any CPU
		{3767E350-00F9-4CDB-9C23-0E8AA2446FF3}.Release|Any CPU.Build.0 = Release|Any CPU
		{3767E350-00F9-4CDB-9C23-0E8AA2446FF3}.Release|x64.ActiveCfg = Release|Any CPU
		{3767E350-00F9-4CDB-9C23-0E8AA2446FF3}.Release|x64.Build.0 = Release|Any CPU
		{3767E350-00F9-4CDB-9C23-0E8AA2446FF3}.Release|x86.ActiveCfg = Release|Any CPU
		{3767E350-00F9-4CDB-9C23-0E8AA2446FF3}.Release|x86.Build.0 = Release|Any CPU
		{8DFDFA6E-6282-49B9-886A-4E9A36C6664A}.Debug|Any CPU.ActiveCfg = Debug|Any CPU
		{8DFDFA6E-6282-49B9-886A-4E9A36C6664A}.Debug|Any CPU.Build.0 = Debug|Any CPU
		{8DFDFA6E-6282-49B9-886A-4E9A36C6664A}.Debug|x64.ActiveCfg = Debug|Any CPU
		{8DFDFA6E-6282-49B9-886A-4E9A36C6664A}.Debug|x64.Build.0 = Debug|Any CPU
		{8DFDFA6E-6282-49B9-886A-4E9A36C6664A}.Debug|x86.ActiveCfg = Debug|Any CPU
		{8DFDFA6E-6282-49B9-886A-4E9A36C6664A}.Debug|x86.Build.0 = Debug|Any CPU
		{8DFDFA6E-6282-49B9-886A-4E9A36C6664A}.Release|Any CPU.ActiveCfg = Release|Any CPU
		{8DFDFA6E-6282-49B9-886A-4E9A36C6664A}.Release|Any CPU.Build.0 = Release|Any CPU
		{8DFDFA6E-6282-49B9-886A-4E9A36C6664A}.Release|x64.ActiveCfg = Release|Any CPU
		{8DFDFA6E-6282-49B9-886A-4E9A36C6664A}.Release|x64.Build.0 = Release|Any CPU
		{8DFDFA6E-6282-49B9-886A-4E9A36C6664A}.Release|x86.ActiveCfg = Release|Any CPU
		{8DFDFA6E-6282-49B9-886A-4E9A36C6664A}.Release|x86.Build.0 = Release|Any CPU
	EndGlobalSection
EndGlobal
